
Microsoft Visual Studio Solution File, Format Version 12.00
# Visual Studio Express 2012 for Windows Desktop
Project("{FAE04EC0-301F-11D3-BF4B-00C04F79EFBC}") = "CSharpinator.Core", "CSharpinator.Core\CSharpinator.Core.csproj", "{18F1E803-267D-48F5-A8AD-0DB2C323EBE0}"
EndProject
Project("{FAE04EC0-301F-11D3-BF4B-00C04F79EFBC}") = "CSharpinator.Console", "CSharpinator.Console\CSharpinator.Console.csproj", "{95D984D7-FE07-4CF5-946B-28DEF2AA7321}"
EndProject
Project("{2150E333-8FDC-42A3-9474-1A3956D46DE8}") = ".nuget", ".nuget", "{85D2145B-230C-41F5-A909-6046FA47C24A}"
	ProjectSection(SolutionItems) = preProject
		.nuget\NuGet.Config = .nuget\NuGet.Config
		.nuget\NuGet.exe = .nuget\NuGet.exe
		.nuget\NuGet.targets = .nuget\NuGet.targets
	EndProjectSection
EndProject
Project("{FAE04EC0-301F-11D3-BF4B-00C04F79EFBC}") = "CSharpinator.Core.Tests", "CSharpinator.Core.Tests\CSharpinator.Core.Tests.csproj", "{0CBE100F-D7DF-4793-9E40-8E389D557982}"
EndProject
Global
	GlobalSection(SolutionConfigurationPlatforms) = preSolution
		Debug|Any CPU = Debug|Any CPU
		Release|Any CPU = Release|Any CPU
	EndGlobalSection
	GlobalSection(ProjectConfigurationPlatforms) = postSolution
		{18F1E803-267D-48F5-A8AD-0DB2C323EBE0}.Debug|Any CPU.ActiveCfg = Debug|Any CPU
		{18F1E803-267D-48F5-A8AD-0DB2C323EBE0}.Debug|Any CPU.Build.0 = Debug|Any CPU
		{18F1E803-267D-48F5-A8AD-0DB2C323EBE0}.Release|Any CPU.ActiveCfg = Release|Any CPU
		{18F1E803-267D-48F5-A8AD-0DB2C323EBE0}.Release|Any CPU.Build.0 = Release|Any CPU
		{95D984D7-FE07-4CF5-946B-28DEF2AA7321}.Debug|Any CPU.ActiveCfg = Debug|Any CPU
		{95D984D7-FE07-4CF5-946B-28DEF2AA7321}.Debug|Any CPU.Build.0 = Debug|Any CPU
		{95D984D7-FE07-4CF5-946B-28DEF2AA7321}.Release|Any CPU.ActiveCfg = Release|Any CPU
		{95D984D7-FE07-4CF5-946B-28DEF2AA7321}.Release|Any CPU.Build.0 = Release|Any CPU
		{0CBE100F-D7DF-4793-9E40-8E389D557982}.Debug|Any CPU.ActiveCfg = Debug|Any CPU
		{0CBE100F-D7DF-4793-9E40-8E389D557982}.Debug|Any CPU.Build.0 = Debug|Any CPU
		{0CBE100F-D7DF-4793-9E40-8E389D557982}.Release|Any CPU.ActiveCfg = Release|Any CPU
		{0CBE100F-D7DF-4793-9E40-8E389D557982}.Release|Any CPU.Build.0 = Release|Any CPU
	EndGlobalSection
	GlobalSection(SolutionProperties) = preSolution
		HideSolutionNode = FALSE
	EndGlobalSection
EndGlobal
